<?xml version="1.0" encoding="utf-8"?>
<Project ToolsVersion="4.0" xmlns="http://schemas.microsoft.com/developer/msbuild/2003">
  <ItemGroup>
    <Filter Include="Source Files">
      <UniqueIdentifier>{4FC737F1-C7A5-4376-A066-2A32D752A2FF}</UniqueIdentifier>
      <Extensions>cpp;c;cc;cxx;def;odl;idl;hpj;bat;asm;asmx</Extensions>
    </Filter>
    <Filter Include="Header Files">
      <UniqueIdentifier>{93995380-89BD-4b04-88EB-625FBE52EBFB}</UniqueIdentifier>
      <Extensions>h;hh;hpp;hxx;hm;inl;inc;xsd</Extensions>
    </Filter>
    <Filter Include="Resource Files">
      <UniqueIdentifier>{67DA6AB6-F800-4c08-8B7A-83BB121AAD01}</UniqueIdentifier>
      <Extensions>rc;ico;cur;bmp;dlg;rc2;rct;bin;rgs;gif;jpg;jpeg;jpe;resx;tiff;tif;png;wav;mfcribbon-ms</Extensions>
    </Filter>
    <Filter Include="Config FIles">
      <UniqueIdentifier>{0ad24e8f-10ef-4ab6-a720-faecebb1374c}</UniqueIdentifier>
    </Filter>
  </ItemGroup>
  <ItemGroup>
    <ClCompile Include="CoordFunctions.cpp">
      <Filter>Source Files</Filter>
    </ClCompile>
    <ClCompile Include="DisplayEngUnitFunctions.cpp">
      <Filter>Source Files</Filter>
    </ClCompile>
    <ClCompile Include="MFDPersist.cpp">
      <Filter>Source Files</Filter>
    </ClCompile>
    <ClCompile Include="ParseFunctions.cpp">
      <Filter>Source Files</Filter>
    </ClCompile>
    <ClCompile Include="PAS.cpp">
      <Filter>Source Files</Filter>
    </ClCompile>
    <ClCompile Include="PAS_ButtonHandling.cpp">
      <Filter>Source Files</Filter>
    </ClCompile>
    <ClCompile Include="PAS_Buttons.cpp">
      <Filter>Source Files</Filter>
    </ClCompile>
    <ClCompile Include="PAS_GCore.cpp">
      <Filter>Source Files</Filter>
    </ClCompile>
    <ClCompile Include="PAS_Interface.cpp">
      <Filter>Source Files</Filter>
    </ClCompile>
    <ClCompile Include="PAS_LCore.cpp">
      <Filter>Source Files</Filter>
    </ClCompile>
    <ClCompile Include="PAS_MFDUpdate.cpp">
      <Filter>Source Files</Filter>
    </ClCompile>
    <ClCompile Include="PAS_SketchpadFunctions.cpp">
      <Filter>Source Files</Filter>
    </ClCompile>
    <ClCompile Include="PAS_VCore.cpp">
      <Filter>Source Files</Filter>
    </ClCompile>
    <ClCompile Include="Source.cpp">
      <Filter>Source Files</Filter>
    </ClCompile>
    <ClCompile Include="PAS_HUDUpdate.cpp">
      <Filter>Source Files</Filter>
    </ClCompile>
    <ClCompile Include="BaseSelect.cpp">
      <Filter>Source Files</Filter>
    </ClCompile>
    <ClCompile Include="PAS_DialogFunc.cpp">
      <Filter>Source Files</Filter>
    </ClCompile>
  </ItemGroup>
  <ItemGroup>
    <ResourceCompile Include="Resource.rc">
      <Filter>Resource Files</Filter>
    </ResourceCompile>
  </ItemGroup>
  <ItemGroup>
    <ClInclude Include="CoordFunctions.hpp">
      <Filter>Header Files</Filter>
    </ClInclude>
    <ClInclude Include="DisplayEngUnitFunctions.h">
      <Filter>Header Files</Filter>
    </ClInclude>
    <ClInclude Include="MFDButtonPage.hpp">
      <Filter>Header Files</Filter>
    </ClInclude>
    <ClInclude Include="MFDPersist.hpp">
      <Filter>Header Files</Filter>
    </ClInclude>
    <ClInclude Include="ParseFunctions.h">
      <Filter>Header Files</Filter>
    </ClInclude>
    <ClInclude Include="PAS.hpp">
      <Filter>Header Files</Filter>
    </ClInclude>
    <ClInclude Include="PAS_Buttons.hpp">
      <Filter>Header Files</Filter>
    </ClInclude>
    <ClInclude Include="PAS_GCore.hpp">
      <Filter>Header Files</Filter>
    </ClInclude>
    <ClInclude Include="PAS_Interface.hpp">
      <Filter>Header Files</Filter>
    </ClInclude>
    <ClInclude Include="PAS_LCore.hpp">
      <Filter>Header Files</Filter>
    </ClInclude>
    <ClInclude Include="PAS_VCore.hpp">
      <Filter>Header Files</Filter>
    </ClInclude>
    <ClInclude Include="BaseSelect.hpp">
      <Filter>Header Files</Filter>
    </ClInclude>
    <ClInclude Include="PAS_DialogFunc.hpp">
      <Filter>Header Files</Filter>
    </ClInclude>
  </ItemGroup>
  <ItemGroup>
    <None Include="BaseDefs.cfg">
      <Filter>Config FIles</Filter>
    </None>
  </ItemGroup>
</Project>